
Microsoft Visual Studio Solution File, Format Version 11.00
# Visual Studio 2010
Project("{FAE04EC0-301F-11D3-BF4B-00C04F79EFBC}") = "Assembly-CSharp", "Assembly-CSharp.csproj", "{950f9f4c-bccb-3666-0e62-c4590b94fe5d}"
EndProject
Global
	GlobalSection(SolutionConfigurationPlatforms) = preSolution
		Debug|Any CPU = Debug|Any CPU
		Release|Any CPU = Release|Any CPU
	EndGlobalSection
	GlobalSection(ProjectConfigurationPlatforms) = postSolution
		{950f9f4c-bccb-3666-0e62-c4590b94fe5d}.Debug|Any CPU.ActiveCfg = Debug|Any CPU
		{950f9f4c-bccb-3666-0e62-c4590b94fe5d}.Debug|Any CPU.Build.0 = Debug|Any CPU
		{950f9f4c-bccb-3666-0e62-c4590b94fe5d}.Release|Any CPU.ActiveCfg = Release|Any CPU
		{950f9f4c-bccb-3666-0e62-c4590b94fe5d}.Release|Any CPU.Build.0 = Release|Any CPU
	EndGlobalSection
	GlobalSection(SolutionProperties) = preSolution
		HideSolutionNode = FALSE
	EndGlobalSection
EndGlobal
